// !$*UTF8*$!
{
	archiveVersion = 1;
	classes = {
	};
	objectVersion = 46;
	objects = {

/* Begin PBXBuildFile section */
		F58405E91B7998E700E3EA08 /* WatchWeatherFramework.h in Headers */ = {isa = PBXBuildFile; fileRef = F58405E81B7998E700E3EA08 /* WatchWeatherFramework.h */; settings = {ATTRIBUTES = (Public, ); }; };
		F58405EE1B79996200E3EA08 /* WeatherClient.swift in Sources */ = {isa = PBXBuildFile; fileRef = F5FD71E11B70A925005C64AD /* WeatherClient.swift */; };
		F58405EF1B79996200E3EA08 /* Weather.swift in Sources */ = {isa = PBXBuildFile; fileRef = F5FD71DF1B70A633005C64AD /* Weather.swift */; };
		F58405F01B79996200E3EA08 /* Day.swift in Sources */ = {isa = PBXBuildFile; fileRef = F5FD71DD1B70A47F005C64AD /* Day.swift */; };
		F58405F11B7999B700E3EA08 /* WatchWeatherFramework.framework in Frameworks */ = {isa = PBXBuildFile; fileRef = F58405E61B7998E700E3EA08 /* WatchWeatherFramework.framework */; };
		F58405F21B7999B700E3EA08 /* WatchWeatherFramework.framework in Embed Frameworks */ = {isa = PBXBuildFile; fileRef = F58405E61B7998E700E3EA08 /* WatchWeatherFramework.framework */; settings = {ATTRIBUTES = (CodeSignOnCopy, RemoveHeadersOnCopy, ); }; };
		F5FD713A1B7092BD005C64AD /* AppDelegate.swift in Sources */ = {isa = PBXBuildFile; fileRef = F5FD71391B7092BD005C64AD /* AppDelegate.swift */; };
		F5FD713C1B7092BD005C64AD /* ViewController.swift in Sources */ = {isa = PBXBuildFile; fileRef = F5FD713B1B7092BD005C64AD /* ViewController.swift */; };
		F5FD713F1B7092BD005C64AD /* Main.storyboard in Resources */ = {isa = PBXBuildFile; fileRef = F5FD713D1B7092BD005C64AD /* Main.storyboard */; };
		F5FD71411B7092BD005C64AD /* Assets.xcassets in Resources */ = {isa = PBXBuildFile; fileRef = F5FD71401B7092BD005C64AD /* Assets.xcassets */; };
		F5FD71441B7092BD005C64AD /* LaunchScreen.storyboard in Resources */ = {isa = PBXBuildFile; fileRef = F5FD71421B7092BD005C64AD /* LaunchScreen.storyboard */; };
		F5FD714F1B7092BD005C64AD /* WatchWeatherTests.swift in Sources */ = {isa = PBXBuildFile; fileRef = F5FD714E1B7092BD005C64AD /* WatchWeatherTests.swift */; };
		F5FD715A1B7092BD005C64AD /* WatchWeatherUITests.swift in Sources */ = {isa = PBXBuildFile; fileRef = F5FD71591B7092BD005C64AD /* WatchWeatherUITests.swift */; };
		F5FD715F1B7092BD005C64AD /* WatchWeather WatchKit App.app in Embed Watch Content */ = {isa = PBXBuildFile; fileRef = F5FD715E1B7092BD005C64AD /* WatchWeather WatchKit App.app */; };
		F5FD71651B7092BD005C64AD /* Interface.storyboard in Resources */ = {isa = PBXBuildFile; fileRef = F5FD71631B7092BD005C64AD /* Interface.storyboard */; };
		F5FD71671B7092BD005C64AD /* Assets.xcassets in Resources */ = {isa = PBXBuildFile; fileRef = F5FD71661B7092BD005C64AD /* Assets.xcassets */; };
		F5FD716E1B7092BD005C64AD /* WatchWeather WatchKit Extension.appex in Embed App Extensions */ = {isa = PBXBuildFile; fileRef = F5FD716D1B7092BD005C64AD /* WatchWeather WatchKit Extension.appex */; settings = {ATTRIBUTES = (RemoveHeadersOnCopy, ); }; };
		F5FD71751B7092BD005C64AD /* InterfaceController.swift in Sources */ = {isa = PBXBuildFile; fileRef = F5FD71741B7092BD005C64AD /* InterfaceController.swift */; };
		F5FD71771B7092BD005C64AD /* ExtensionDelegate.swift in Sources */ = {isa = PBXBuildFile; fileRef = F5FD71761B7092BD005C64AD /* ExtensionDelegate.swift */; };
		F5FD71791B7092BD005C64AD /* NotificationController.swift in Sources */ = {isa = PBXBuildFile; fileRef = F5FD71781B7092BD005C64AD /* NotificationController.swift */; };
		F5FD717B1B7092BD005C64AD /* GlanceController.swift in Sources */ = {isa = PBXBuildFile; fileRef = F5FD717A1B7092BD005C64AD /* GlanceController.swift */; };
		F5FD717D1B7092BD005C64AD /* ComplicationController.swift in Sources */ = {isa = PBXBuildFile; fileRef = F5FD717C1B7092BD005C64AD /* ComplicationController.swift */; };
		F5FD717F1B7092BD005C64AD /* Assets.xcassets in Resources */ = {isa = PBXBuildFile; fileRef = F5FD717E1B7092BD005C64AD /* Assets.xcassets */; };
		F5FD71951B7094EC005C64AD /* WeatherViewController.swift in Sources */ = {isa = PBXBuildFile; fileRef = F5FD71941B7094EC005C64AD /* WeatherViewController.swift */; };
		F5FD71C21B70A41F005C64AD /* WatchWeatherKit.h in Headers */ = {isa = PBXBuildFile; fileRef = F5FD71C11B70A41F005C64AD /* WatchWeatherKit.h */; settings = {ATTRIBUTES = (Public, ); }; };
		F5FD71C91B70A41F005C64AD /* WatchWeatherKit.framework in Frameworks */ = {isa = PBXBuildFile; fileRef = F5FD71BF1B70A41F005C64AD /* WatchWeatherKit.framework */; };
		F5FD71D01B70A41F005C64AD /* WatchWeatherKitTests.swift in Sources */ = {isa = PBXBuildFile; fileRef = F5FD71CF1B70A41F005C64AD /* WatchWeatherKitTests.swift */; };
		F5FD71D41B70A41F005C64AD /* WatchWeatherKit.framework in Frameworks */ = {isa = PBXBuildFile; fileRef = F5FD71BF1B70A41F005C64AD /* WatchWeatherKit.framework */; };
		F5FD71D51B70A41F005C64AD /* WatchWeatherKit.framework in Embed Frameworks */ = {isa = PBXBuildFile; fileRef = F5FD71BF1B70A41F005C64AD /* WatchWeatherKit.framework */; settings = {ATTRIBUTES = (CodeSignOnCopy, RemoveHeadersOnCopy, ); }; };
		F5FD71DE1B70A47F005C64AD /* Day.swift in Sources */ = {isa = PBXBuildFile; fileRef = F5FD71DD1B70A47F005C64AD /* Day.swift */; };
		F5FD71E01B70A633005C64AD /* Weather.swift in Sources */ = {isa = PBXBuildFile; fileRef = F5FD71DF1B70A633005C64AD /* Weather.swift */; };
		F5FD71E21B70A925005C64AD /* WeatherClient.swift in Sources */ = {isa = PBXBuildFile; fileRef = F5FD71E11B70A925005C64AD /* WeatherClient.swift */; };
/* End PBXBuildFile section */

/* Begin PBXContainerItemProxy section */
		F58405F31B7999B800E3EA08 /* PBXContainerItemProxy */ = {
			isa = PBXContainerItemProxy;
			containerPortal = F5FD712E1B7092BC005C64AD /* Project object */;
			proxyType = 1;
			remoteGlobalIDString = F58405E51B7998E700E3EA08;
			remoteInfo = WatchWeatherFramework;
		};
		F5FD714B1B7092BD005C64AD /* PBXContainerItemProxy */ = {
			isa = PBXContainerItemProxy;
			containerPortal = F5FD712E1B7092BC005C64AD /* Project object */;
			proxyType = 1;
			remoteGlobalIDString = F5FD71351B7092BD005C64AD;
			remoteInfo = WatchWeather;
		};
		F5FD71561B7092BD005C64AD /* PBXContainerItemProxy */ = {
			isa = PBXContainerItemProxy;
			containerPortal = F5FD712E1B7092BC005C64AD /* Project object */;
			proxyType = 1;
			remoteGlobalIDString = F5FD71351B7092BD005C64AD;
			remoteInfo = WatchWeather;
		};
		F5FD71601B7092BD005C64AD /* PBXContainerItemProxy */ = {
			isa = PBXContainerItemProxy;
			containerPortal = F5FD712E1B7092BC005C64AD /* Project object */;
			proxyType = 1;
			remoteGlobalIDString = F5FD715D1B7092BD005C64AD;
			remoteInfo = "WatchWeather WatchKit App";
		};
		F5FD716F1B7092BD005C64AD /* PBXContainerItemProxy */ = {
			isa = PBXContainerItemProxy;
			containerPortal = F5FD712E1B7092BC005C64AD /* Project object */;
			proxyType = 1;
			remoteGlobalIDString = F5FD716C1B7092BD005C64AD;
			remoteInfo = "WatchWeather WatchKit Extension";
		};
		F5FD71CA1B70A41F005C64AD /* PBXContainerItemProxy */ = {
			isa = PBXContainerItemProxy;
			containerPortal = F5FD712E1B7092BC005C64AD /* Project object */;
			proxyType = 1;
			remoteGlobalIDString = F5FD71BE1B70A41F005C64AD;
			remoteInfo = WatchWeatherKit;
		};
		F5FD71CC1B70A41F005C64AD /* PBXContainerItemProxy */ = {
			isa = PBXContainerItemProxy;
			containerPortal = F5FD712E1B7092BC005C64AD /* Project object */;
			proxyType = 1;
			remoteGlobalIDString = F5FD71351B7092BD005C64AD;
			remoteInfo = WatchWeather;
		};
		F5FD71D21B70A41F005C64AD /* PBXContainerItemProxy */ = {
			isa = PBXContainerItemProxy;
			containerPortal = F5FD712E1B7092BC005C64AD /* Project object */;
			proxyType = 1;
			remoteGlobalIDString = F5FD71BE1B70A41F005C64AD;
			remoteInfo = WatchWeatherKit;
		};
/* End PBXContainerItemProxy section */

/* Begin PBXCopyFilesBuildPhase section */
		F58405F51B7999B800E3EA08 /* Embed Frameworks */ = {
			isa = PBXCopyFilesBuildPhase;
			buildActionMask = 2147483647;
			dstPath = "";
			dstSubfolderSpec = 10;
			files = (
				F58405F21B7999B700E3EA08 /* WatchWeatherFramework.framework in Embed Frameworks */,
			);
			name = "Embed Frameworks";
			runOnlyForDeploymentPostprocessing = 0;
		};
		F5FD71861B7092BD005C64AD /* Embed App Extensions */ = {
			isa = PBXCopyFilesBuildPhase;
			buildActionMask = 2147483647;
			dstPath = "";
			dstSubfolderSpec = 13;
			files = (
				F5FD716E1B7092BD005C64AD /* WatchWeather WatchKit Extension.appex in Embed App Extensions */,
			);
			name = "Embed App Extensions";
			runOnlyForDeploymentPostprocessing = 0;
		};
		F5FD718A1B7092BD005C64AD /* Embed Watch Content */ = {
			isa = PBXCopyFilesBuildPhase;
			buildActionMask = 2147483647;
			dstPath = "$(CONTENTS_FOLDER_PATH)/Watch";
			dstSubfolderSpec = 16;
			files = (
				F5FD715F1B7092BD005C64AD /* WatchWeather WatchKit App.app in Embed Watch Content */,
			);
			name = "Embed Watch Content";
			runOnlyForDeploymentPostprocessing = 0;
		};
		F5FD71D91B70A41F005C64AD /* Embed Frameworks */ = {
			isa = PBXCopyFilesBuildPhase;
			buildActionMask = 2147483647;
			dstPath = "";
			dstSubfolderSpec = 10;
			files = (
				F5FD71D51B70A41F005C64AD /* WatchWeatherKit.framework in Embed Frameworks */,
			);
			name = "Embed Frameworks";
			runOnlyForDeploymentPostprocessing = 0;
		};
/* End PBXCopyFilesBuildPhase section */

/* Begin PBXFileReference section */
		F58405E61B7998E700E3EA08 /* WatchWeatherFramework.framework */ = {isa = PBXFileReference; explicitFileType = wrapper.framework; includeInIndex = 0; path = WatchWeatherFramework.framework; sourceTree = BUILT_PRODUCTS_DIR; };
		F58405E81B7998E700E3EA08 /* WatchWeatherFramework.h */ = {isa = PBXFileReference; lastKnownFileType = sourcecode.c.h; path = WatchWeatherFramework.h; sourceTree = "<group>"; };
		F58405EA1B7998E700E3EA08 /* Info.plist */ = {isa = PBXFileReference; lastKnownFileType = text.plist.xml; path = Info.plist; sourceTree = "<group>"; };
		F5FD71361B7092BD005C64AD /* WatchWeather.app */ = {isa = PBXFileReference; explicitFileType = wrapper.application; includeInIndex = 0; path = WatchWeather.app; sourceTree = BUILT_PRODUCTS_DIR; };
		F5FD71391B7092BD005C64AD /* AppDelegate.swift */ = {isa = PBXFileReference; lastKnownFileType = sourcecode.swift; path = AppDelegate.swift; sourceTree = "<group>"; };
		F5FD713B1B7092BD005C64AD /* ViewController.swift */ = {isa = PBXFileReference; lastKnownFileType = sourcecode.swift; path = ViewController.swift; sourceTree = "<group>"; };
		F5FD713E1B7092BD005C64AD /* Base */ = {isa = PBXFileReference; lastKnownFileType = file.storyboard; name = Base; path = Base.lproj/Main.storyboard; sourceTree = "<group>"; };
		F5FD71401B7092BD005C64AD /* Assets.xcassets */ = {isa = PBXFileReference; lastKnownFileType = folder.assetcatalog; path = Assets.xcassets; sourceTree = "<group>"; };
		F5FD71431B7092BD005C64AD /* Base */ = {isa = PBXFileReference; lastKnownFileType = file.storyboard; name = Base; path = Base.lproj/LaunchScreen.storyboard; sourceTree = "<group>"; };
		F5FD71451B7092BD005C64AD /* Info.plist */ = {isa = PBXFileReference; lastKnownFileType = text.plist.xml; path = Info.plist; sourceTree = "<group>"; };
		F5FD714A1B7092BD005C64AD /* WatchWeatherTests.xctest */ = {isa = PBXFileReference; explicitFileType = wrapper.cfbundle; includeInIndex = 0; path = WatchWeatherTests.xctest; sourceTree = BUILT_PRODUCTS_DIR; };
		F5FD714E1B7092BD005C64AD /* WatchWeatherTests.swift */ = {isa = PBXFileReference; lastKnownFileType = sourcecode.swift; path = WatchWeatherTests.swift; sourceTree = "<group>"; };
		F5FD71501B7092BD005C64AD /* Info.plist */ = {isa = PBXFileReference; lastKnownFileType = text.plist.xml; path = Info.plist; sourceTree = "<group>"; };
		F5FD71551B7092BD005C64AD /* WatchWeatherUITests.xctest */ = {isa = PBXFileReference; explicitFileType = wrapper.cfbundle; includeInIndex = 0; path = WatchWeatherUITests.xctest; sourceTree = BUILT_PRODUCTS_DIR; };
		F5FD71591B7092BD005C64AD /* WatchWeatherUITests.swift */ = {isa = PBXFileReference; lastKnownFileType = sourcecode.swift; path = WatchWeatherUITests.swift; sourceTree = "<group>"; };
		F5FD715B1B7092BD005C64AD /* Info.plist */ = {isa = PBXFileReference; lastKnownFileType = text.plist.xml; path = Info.plist; sourceTree = "<group>"; };
		F5FD715E1B7092BD005C64AD /* WatchWeather WatchKit App.app */ = {isa = PBXFileReference; explicitFileType = wrapper.application; includeInIndex = 0; path = "WatchWeather WatchKit App.app"; sourceTree = BUILT_PRODUCTS_DIR; };
		F5FD71641B7092BD005C64AD /* Base */ = {isa = PBXFileReference; lastKnownFileType = file.storyboard; name = Base; path = Base.lproj/Interface.storyboard; sourceTree = "<group>"; };
		F5FD71661B7092BD005C64AD /* Assets.xcassets */ = {isa = PBXFileReference; lastKnownFileType = folder.assetcatalog; path = Assets.xcassets; sourceTree = "<group>"; };
		F5FD71681B7092BD005C64AD /* Info.plist */ = {isa = PBXFileReference; lastKnownFileType = text.plist.xml; path = Info.plist; sourceTree = "<group>"; };
		F5FD716D1B7092BD005C64AD /* WatchWeather WatchKit Extension.appex */ = {isa = PBXFileReference; explicitFileType = "wrapper.app-extension"; includeInIndex = 0; path = "WatchWeather WatchKit Extension.appex"; sourceTree = BUILT_PRODUCTS_DIR; };
		F5FD71731B7092BD005C64AD /* PushNotificationPayload.apns */ = {isa = PBXFileReference; lastKnownFileType = text; path = PushNotificationPayload.apns; sourceTree = "<group>"; };
		F5FD71741B7092BD005C64AD /* InterfaceController.swift */ = {isa = PBXFileReference; lastKnownFileType = sourcecode.swift; path = InterfaceController.swift; sourceTree = "<group>"; };
		F5FD71761B7092BD005C64AD /* ExtensionDelegate.swift */ = {isa = PBXFileReference; lastKnownFileType = sourcecode.swift; path = ExtensionDelegate.swift; sourceTree = "<group>"; };
		F5FD71781B7092BD005C64AD /* NotificationController.swift */ = {isa = PBXFileReference; lastKnownFileType = sourcecode.swift; path = NotificationController.swift; sourceTree = "<group>"; };
		F5FD717A1B7092BD005C64AD /* GlanceController.swift */ = {isa = PBXFileReference; lastKnownFileType = sourcecode.swift; path = GlanceController.swift; sourceTree = "<group>"; };
		F5FD717C1B7092BD005C64AD /* ComplicationController.swift */ = {isa = PBXFileReference; lastKnownFileType = sourcecode.swift; path = ComplicationController.swift; sourceTree = "<group>"; };
		F5FD717E1B7092BD005C64AD /* Assets.xcassets */ = {isa = PBXFileReference; lastKnownFileType = folder.assetcatalog; path = Assets.xcassets; sourceTree = "<group>"; };
		F5FD71801B7092BD005C64AD /* Info.plist */ = {isa = PBXFileReference; lastKnownFileType = text.plist.xml; path = Info.plist; sourceTree = "<group>"; };
		F5FD71941B7094EC005C64AD /* WeatherViewController.swift */ = {isa = PBXFileReference; fileEncoding = 4; lastKnownFileType = sourcecode.swift; path = WeatherViewController.swift; sourceTree = "<group>"; };
		F5FD71BF1B70A41F005C64AD /* WatchWeatherKit.framework */ = {isa = PBXFileReference; explicitFileType = wrapper.framework; includeInIndex = 0; path = WatchWeatherKit.framework; sourceTree = BUILT_PRODUCTS_DIR; };
		F5FD71C11B70A41F005C64AD /* WatchWeatherKit.h */ = {isa = PBXFileReference; lastKnownFileType = sourcecode.c.h; path = WatchWeatherKit.h; sourceTree = "<group>"; };
		F5FD71C31B70A41F005C64AD /* Info.plist */ = {isa = PBXFileReference; lastKnownFileType = text.plist.xml; path = Info.plist; sourceTree = "<group>"; };
		F5FD71C81B70A41F005C64AD /* WatchWeatherKitTests.xctest */ = {isa = PBXFileReference; explicitFileType = wrapper.cfbundle; includeInIndex = 0; path = WatchWeatherKitTests.xctest; sourceTree = BUILT_PRODUCTS_DIR; };
		F5FD71CF1B70A41F005C64AD /* WatchWeatherKitTests.swift */ = {isa = PBXFileReference; lastKnownFileType = sourcecode.swift; path = WatchWeatherKitTests.swift; sourceTree = "<group>"; };
		F5FD71D11B70A41F005C64AD /* Info.plist */ = {isa = PBXFileReference; lastKnownFileType = text.plist.xml; path = Info.plist; sourceTree = "<group>"; };
		F5FD71DD1B70A47F005C64AD /* Day.swift */ = {isa = PBXFileReference; fileEncoding = 4; lastKnownFileType = sourcecode.swift; path = Day.swift; sourceTree = "<group>"; };
		F5FD71DF1B70A633005C64AD /* Weather.swift */ = {isa = PBXFileReference; fileEncoding = 4; lastKnownFileType = sourcecode.swift; path = Weather.swift; sourceTree = "<group>"; };
		F5FD71E11B70A925005C64AD /* WeatherClient.swift */ = {isa = PBXFileReference; fileEncoding = 4; lastKnownFileType = sourcecode.swift; path = WeatherClient.swift; sourceTree = "<group>"; };
/* End PBXFileReference section */

/* Begin PBXFrameworksBuildPhase section */
		F58405E21B7998E700E3EA08 /* Frameworks */ = {
			isa = PBXFrameworksBuildPhase;
			buildActionMask = 2147483647;
			files = (
			);
			runOnlyForDeploymentPostprocessing = 0;
		};
		F5FD71331B7092BD005C64AD /* Frameworks */ = {
			isa = PBXFrameworksBuildPhase;
			buildActionMask = 2147483647;
			files = (
				F5FD71D41B70A41F005C64AD /* WatchWeatherKit.framework in Frameworks */,
			);
			runOnlyForDeploymentPostprocessing = 0;
		};
		F5FD71471B7092BD005C64AD /* Frameworks */ = {
			isa = PBXFrameworksBuildPhase;
			buildActionMask = 2147483647;
			files = (
			);
			runOnlyForDeploymentPostprocessing = 0;
		};
		F5FD71521B7092BD005C64AD /* Frameworks */ = {
			isa = PBXFrameworksBuildPhase;
			buildActionMask = 2147483647;
			files = (
			);
			runOnlyForDeploymentPostprocessing = 0;
		};
		F5FD716A1B7092BD005C64AD /* Frameworks */ = {
			isa = PBXFrameworksBuildPhase;
			buildActionMask = 2147483647;
			files = (
				F58405F11B7999B700E3EA08 /* WatchWeatherFramework.framework in Frameworks */,
			);
			runOnlyForDeploymentPostprocessing = 0;
		};
		F5FD71BB1B70A41F005C64AD /* Frameworks */ = {
			isa = PBXFrameworksBuildPhase;
			buildActionMask = 2147483647;
			files = (
			);
			runOnlyForDeploymentPostprocessing = 0;
		};
		F5FD71C51B70A41F005C64AD /* Frameworks */ = {
			isa = PBXFrameworksBuildPhase;
			buildActionMask = 2147483647;
			files = (
				F5FD71C91B70A41F005C64AD /* WatchWeatherKit.framework in Frameworks */,
			);
			runOnlyForDeploymentPostprocessing = 0;
		};
/* End PBXFrameworksBuildPhase section */

/* Begin PBXGroup section */
		F58405E71B7998E700E3EA08 /* WatchWeatherFramework */ = {
			isa = PBXGroup;
			children = (
				F58405E81B7998E700E3EA08 /* WatchWeatherFramework.h */,
				F58405EA1B7998E700E3EA08 /* Info.plist */,
			);
			path = WatchWeatherFramework;
			sourceTree = "<group>";
		};
		F5FD712D1B7092BC005C64AD = {
			isa = PBXGroup;
			children = (
				F5FD71381B7092BD005C64AD /* WatchWeather */,
				F5FD714D1B7092BD005C64AD /* WatchWeatherTests */,
				F5FD71581B7092BD005C64AD /* WatchWeatherUITests */,
				F5FD71621B7092BD005C64AD /* WatchWeather WatchKit App */,
				F5FD71711B7092BD005C64AD /* WatchWeather WatchKit Extension */,
				F5FD71C01B70A41F005C64AD /* WatchWeatherKit */,
				F5FD71CE1B70A41F005C64AD /* WatchWeatherKitTests */,
				F58405E71B7998E700E3EA08 /* WatchWeatherFramework */,
				F5FD71371B7092BD005C64AD /* Products */,
			);
			sourceTree = "<group>";
		};
		F5FD71371B7092BD005C64AD /* Products */ = {
			isa = PBXGroup;
			children = (
				F5FD71361B7092BD005C64AD /* WatchWeather.app */,
				F5FD714A1B7092BD005C64AD /* WatchWeatherTests.xctest */,
				F5FD71551B7092BD005C64AD /* WatchWeatherUITests.xctest */,
				F5FD715E1B7092BD005C64AD /* WatchWeather WatchKit App.app */,
				F5FD716D1B7092BD005C64AD /* WatchWeather WatchKit Extension.appex */,
				F5FD71BF1B70A41F005C64AD /* WatchWeatherKit.framework */,
				F5FD71C81B70A41F005C64AD /* WatchWeatherKitTests.xctest */,
				F58405E61B7998E700E3EA08 /* WatchWeatherFramework.framework */,
			);
			name = Products;
			sourceTree = "<group>";
		};
		F5FD71381B7092BD005C64AD /* WatchWeather */ = {
			isa = PBXGroup;
			children = (
				F5FD71391B7092BD005C64AD /* AppDelegate.swift */,
				F5FD71941B7094EC005C64AD /* WeatherViewController.swift */,
				F5FD713B1B7092BD005C64AD /* ViewController.swift */,
				F5FD713D1B7092BD005C64AD /* Main.storyboard */,
				F5FD71401B7092BD005C64AD /* Assets.xcassets */,
				F5FD71421B7092BD005C64AD /* LaunchScreen.storyboard */,
				F5FD71451B7092BD005C64AD /* Info.plist */,
			);
			path = WatchWeather;
			sourceTree = "<group>";
		};
		F5FD714D1B7092BD005C64AD /* WatchWeatherTests */ = {
			isa = PBXGroup;
			children = (
				F5FD714E1B7092BD005C64AD /* WatchWeatherTests.swift */,
				F5FD71501B7092BD005C64AD /* Info.plist */,
			);
			path = WatchWeatherTests;
			sourceTree = "<group>";
		};
		F5FD71581B7092BD005C64AD /* WatchWeatherUITests */ = {
			isa = PBXGroup;
			children = (
				F5FD71591B7092BD005C64AD /* WatchWeatherUITests.swift */,
				F5FD715B1B7092BD005C64AD /* Info.plist */,
			);
			path = WatchWeatherUITests;
			sourceTree = "<group>";
		};
		F5FD71621B7092BD005C64AD /* WatchWeather WatchKit App */ = {
			isa = PBXGroup;
			children = (
				F5FD71631B7092BD005C64AD /* Interface.storyboard */,
				F5FD71661B7092BD005C64AD /* Assets.xcassets */,
				F5FD71681B7092BD005C64AD /* Info.plist */,
			);
			path = "WatchWeather WatchKit App";
			sourceTree = "<group>";
		};
		F5FD71711B7092BD005C64AD /* WatchWeather WatchKit Extension */ = {
			isa = PBXGroup;
			children = (
				F5FD71741B7092BD005C64AD /* InterfaceController.swift */,
				F5FD71761B7092BD005C64AD /* ExtensionDelegate.swift */,
				F5FD71781B7092BD005C64AD /* NotificationController.swift */,
				F5FD717A1B7092BD005C64AD /* GlanceController.swift */,
				F5FD717C1B7092BD005C64AD /* ComplicationController.swift */,
				F5FD717E1B7092BD005C64AD /* Assets.xcassets */,
				F5FD71801B7092BD005C64AD /* Info.plist */,
				F5FD71721B7092BD005C64AD /* Supporting Files */,
			);
			path = "WatchWeather WatchKit Extension";
			sourceTree = "<group>";
		};
		F5FD71721B7092BD005C64AD /* Supporting Files */ = {
			isa = PBXGroup;
			children = (
				F5FD71731B7092BD005C64AD /* PushNotificationPayload.apns */,
			);
			name = "Supporting Files";
			sourceTree = "<group>";
		};
		F5FD71C01B70A41F005C64AD /* WatchWeatherKit */ = {
			isa = PBXGroup;
			children = (
				F5FD71C11B70A41F005C64AD /* WatchWeatherKit.h */,
				F5FD71E11B70A925005C64AD /* WeatherClient.swift */,
				F5FD71DF1B70A633005C64AD /* Weather.swift */,
				F5FD71DD1B70A47F005C64AD /* Day.swift */,
				F5FD71C31B70A41F005C64AD /* Info.plist */,
			);
			path = WatchWeatherKit;
			sourceTree = "<group>";
		};
		F5FD71CE1B70A41F005C64AD /* WatchWeatherKitTests */ = {
			isa = PBXGroup;
			children = (
				F5FD71CF1B70A41F005C64AD /* WatchWeatherKitTests.swift */,
				F5FD71D11B70A41F005C64AD /* Info.plist */,
			);
			path = WatchWeatherKitTests;
			sourceTree = "<group>";
		};
/* End PBXGroup section */

/* Begin PBXHeadersBuildPhase section */
		F58405E31B7998E700E3EA08 /* Headers */ = {
			isa = PBXHeadersBuildPhase;
			buildActionMask = 2147483647;
			files = (
				F58405E91B7998E700E3EA08 /* WatchWeatherFramework.h in Headers */,
			);
			runOnlyForDeploymentPostprocessing = 0;
		};
		F5FD71BC1B70A41F005C64AD /* Headers */ = {
			isa = PBXHeadersBuildPhase;
			buildActionMask = 2147483647;
			files = (
				F5FD71C21B70A41F005C64AD /* WatchWeatherKit.h in Headers */,
			);
			runOnlyForDeploymentPostprocessing = 0;
		};
/* End PBXHeadersBuildPhase section */

/* Begin PBXNativeTarget section */
		F58405E51B7998E700E3EA08 /* WatchWeatherFramework */ = {
			isa = PBXNativeTarget;
			buildConfigurationList = F58405ED1B7998E700E3EA08 /* Build configuration list for PBXNativeTarget "WatchWeatherFramework" */;
			buildPhases = (
				F58405E11B7998E700E3EA08 /* Sources */,
				F58405E21B7998E700E3EA08 /* Frameworks */,
				F58405E31B7998E700E3EA08 /* Headers */,
				F58405E41B7998E700E3EA08 /* Resources */,
			);
			buildRules = (
			);
			dependencies = (
			);
			name = WatchWeatherFramework;
			productName = WatchWeatherFramework;
			productReference = F58405E61B7998E700E3EA08 /* WatchWeatherFramework.framework */;
			productType = "com.apple.product-type.framework";
		};
		F5FD71351B7092BD005C64AD /* WatchWeather */ = {
			isa = PBXNativeTarget;
			buildConfigurationList = F5FD718B1B7092BD005C64AD /* Build configuration list for PBXNativeTarget "WatchWeather" */;
			buildPhases = (
				F5FD71321B7092BD005C64AD /* Sources */,
				F5FD71331B7092BD005C64AD /* Frameworks */,
				F5FD71341B7092BD005C64AD /* Resources */,
				F5FD718A1B7092BD005C64AD /* Embed Watch Content */,
				F5FD71D91B70A41F005C64AD /* Embed Frameworks */,
			);
			buildRules = (
			);
			dependencies = (
				F5FD71611B7092BD005C64AD /* PBXTargetDependency */,
				F5FD71D31B70A41F005C64AD /* PBXTargetDependency */,
			);
			name = WatchWeather;
			productName = WatchWeather;
			productReference = F5FD71361B7092BD005C64AD /* WatchWeather.app */;
			productType = "com.apple.product-type.application";
		};
		F5FD71491B7092BD005C64AD /* WatchWeatherTests */ = {
			isa = PBXNativeTarget;
			buildConfigurationList = F5FD718E1B7092BD005C64AD /* Build configuration list for PBXNativeTarget "WatchWeatherTests" */;
			buildPhases = (
				F5FD71461B7092BD005C64AD /* Sources */,
				F5FD71471B7092BD005C64AD /* Frameworks */,
				F5FD71481B7092BD005C64AD /* Resources */,
			);
			buildRules = (
			);
			dependencies = (
				F5FD714C1B7092BD005C64AD /* PBXTargetDependency */,
			);
			name = WatchWeatherTests;
			productName = WatchWeatherTests;
			productReference = F5FD714A1B7092BD005C64AD /* WatchWeatherTests.xctest */;
			productType = "com.apple.product-type.bundle.unit-test";
		};
		F5FD71541B7092BD005C64AD /* WatchWeatherUITests */ = {
			isa = PBXNativeTarget;
			buildConfigurationList = F5FD71911B7092BD005C64AD /* Build configuration list for PBXNativeTarget "WatchWeatherUITests" */;
			buildPhases = (
				F5FD71511B7092BD005C64AD /* Sources */,
				F5FD71521B7092BD005C64AD /* Frameworks */,
				F5FD71531B7092BD005C64AD /* Resources */,
			);
			buildRules = (
			);
			dependencies = (
				F5FD71571B7092BD005C64AD /* PBXTargetDependency */,
			);
			name = WatchWeatherUITests;
			productName = WatchWeatherUITests;
			productReference = F5FD71551B7092BD005C64AD /* WatchWeatherUITests.xctest */;
			productType = "com.apple.product-type.bundle.ui-testing";
		};
		F5FD715D1B7092BD005C64AD /* WatchWeather WatchKit App */ = {
			isa = PBXNativeTarget;
			buildConfigurationList = F5FD71871B7092BD005C64AD /* Build configuration list for PBXNativeTarget "WatchWeather WatchKit App" */;
			buildPhases = (
				F5FD715C1B7092BD005C64AD /* Resources */,
				F5FD71861B7092BD005C64AD /* Embed App Extensions */,
			);
			buildRules = (
			);
			dependencies = (
				F5FD71701B7092BD005C64AD /* PBXTargetDependency */,
			);
			name = "WatchWeather WatchKit App";
			productName = "WatchWeather WatchKit App";
			productReference = F5FD715E1B7092BD005C64AD /* WatchWeather WatchKit App.app */;
			productType = "com.apple.product-type.application.watchapp2";
		};
		F5FD716C1B7092BD005C64AD /* WatchWeather WatchKit Extension */ = {
			isa = PBXNativeTarget;
			buildConfigurationList = F5FD71831B7092BD005C64AD /* Build configuration list for PBXNativeTarget "WatchWeather WatchKit Extension" */;
			buildPhases = (
				F5FD71691B7092BD005C64AD /* Sources */,
				F5FD716A1B7092BD005C64AD /* Frameworks */,
				F5FD716B1B7092BD005C64AD /* Resources */,
				F58405F51B7999B800E3EA08 /* Embed Frameworks */,
			);
			buildRules = (
			);
			dependencies = (
				F58405F41B7999B800E3EA08 /* PBXTargetDependency */,
			);
			name = "WatchWeather WatchKit Extension";
			productName = "WatchWeather WatchKit Extension";
			productReference = F5FD716D1B7092BD005C64AD /* WatchWeather WatchKit Extension.appex */;
			productType = "com.apple.product-type.watchkit2-extension";
		};
		F5FD71BE1B70A41F005C64AD /* WatchWeatherKit */ = {
			isa = PBXNativeTarget;
			buildConfigurationList = F5FD71D61B70A41F005C64AD /* Build configuration list for PBXNativeTarget "WatchWeatherKit" */;
			buildPhases = (
				F5FD71BA1B70A41F005C64AD /* Sources */,
				F5FD71BB1B70A41F005C64AD /* Frameworks */,
				F5FD71BC1B70A41F005C64AD /* Headers */,
				F5FD71BD1B70A41F005C64AD /* Resources */,
			);
			buildRules = (
			);
			dependencies = (
			);
			name = WatchWeatherKit;
			productName = WatchWeatherKit;
			productReference = F5FD71BF1B70A41F005C64AD /* WatchWeatherKit.framework */;
			productType = "com.apple.product-type.framework";
		};
		F5FD71C71B70A41F005C64AD /* WatchWeatherKitTests */ = {
			isa = PBXNativeTarget;
			buildConfigurationList = F5FD71DA1B70A41F005C64AD /* Build configuration list for PBXNativeTarget "WatchWeatherKitTests" */;
			buildPhases = (
				F5FD71C41B70A41F005C64AD /* Sources */,
				F5FD71C51B70A41F005C64AD /* Frameworks */,
				F5FD71C61B70A41F005C64AD /* Resources */,
			);
			buildRules = (
			);
			dependencies = (
				F5FD71CB1B70A41F005C64AD /* PBXTargetDependency */,
				F5FD71CD1B70A41F005C64AD /* PBXTargetDependency */,
			);
			name = WatchWeatherKitTests;
			productName = WatchWeatherKitTests;
			productReference = F5FD71C81B70A41F005C64AD /* WatchWeatherKitTests.xctest */;
			productType = "com.apple.product-type.bundle.unit-test";
		};
/* End PBXNativeTarget section */

/* Begin PBXProject section */
		F5FD712E1B7092BC005C64AD /* Project object */ = {
			isa = PBXProject;
			attributes = {
				LastSwiftUpdateCheck = 0700;
				LastUpgradeCheck = 0700;
				ORGANIZATIONNAME = GirliOS;
				TargetAttributes = {
					F58405E51B7998E700E3EA08 = {
						CreatedOnToolsVersion = 7.0;
					};
					F5FD71351B7092BD005C64AD = {
						CreatedOnToolsVersion = 7.0;
					};
					F5FD71491B7092BD005C64AD = {
						CreatedOnToolsVersion = 7.0;
						TestTargetID = F5FD71351B7092BD005C64AD;
					};
					F5FD71541B7092BD005C64AD = {
						CreatedOnToolsVersion = 7.0;
						TestTargetID = F5FD71351B7092BD005C64AD;
					};
					F5FD715D1B7092BD005C64AD = {
						CreatedOnToolsVersion = 7.0;
					};
					F5FD716C1B7092BD005C64AD = {
						CreatedOnToolsVersion = 7.0;
					};
					F5FD71BE1B70A41F005C64AD = {
						CreatedOnToolsVersion = 7.0;
					};
					F5FD71C71B70A41F005C64AD = {
						CreatedOnToolsVersion = 7.0;
						TestTargetID = F5FD71351B7092BD005C64AD;
					};
				};
			};
			buildConfigurationList = F5FD71311B7092BC005C64AD /* Build configuration list for PBXProject "WatchWeather" */;
			compatibilityVersion = "Xcode 3.2";
			developmentRegion = English;
			hasScannedForEncodings = 0;
			knownRegions = (
				en,
				Base,
			);
			mainGroup = F5FD712D1B7092BC005C64AD;
			productRefGroup = F5FD71371B7092BD005C64AD /* Products */;
			projectDirPath = "";
			projectRoot = "";
			targets = (
				F5FD71351B7092BD005C64AD /* WatchWeather */,
				F5FD71491B7092BD005C64AD /* WatchWeatherTests */,
				F5FD71541B7092BD005C64AD /* WatchWeatherUITests */,
				F5FD715D1B7092BD005C64AD /* WatchWeather WatchKit App */,
				F5FD716C1B7092BD005C64AD /* WatchWeather WatchKit Extension */,
				F5FD71BE1B70A41F005C64AD /* WatchWeatherKit */,
				F5FD71C71B70A41F005C64AD /* WatchWeatherKitTests */,
				F58405E51B7998E700E3EA08 /* WatchWeatherFramework */,
			);
		};
/* End PBXProject section */

/* Begin PBXResourcesBuildPhase section */
		F58405E41B7998E700E3EA08 /* Resources */ = {
			isa = PBXResourcesBuildPhase;
			buildActionMask = 2147483647;
			files = (
			);
			runOnlyForDeploymentPostprocessing = 0;
		};
		F5FD71341B7092BD005C64AD /* Resources */ = {
			isa = PBXResourcesBuildPhase;
			buildActionMask = 2147483647;
			files = (
				F5FD71441B7092BD005C64AD /* LaunchScreen.storyboard in Resources */,
				F5FD71411B7092BD005C64AD /* Assets.xcassets in Resources */,
				F5FD713F1B7092BD005C64AD /* Main.storyboard in Resources */,
			);
			runOnlyForDeploymentPostprocessing = 0;
		};
		F5FD71481B7092BD005C64AD /* Resources */ = {
			isa = PBXResourcesBuildPhase;
			buildActionMask = 2147483647;
			files = (
			);
			runOnlyForDeploymentPostprocessing = 0;
		};
		F5FD71531B7092BD005C64AD /* Resources */ = {
			isa = PBXResourcesBuildPhase;
			buildActionMask = 2147483647;
			files = (
			);
			runOnlyForDeploymentPostprocessing = 0;
		};
		F5FD715C1B7092BD005C64AD /* Resources */ = {
			isa = PBXResourcesBuildPhase;
			buildActionMask = 2147483647;
			files = (
				F5FD71671B7092BD005C64AD /* Assets.xcassets in Resources */,
				F5FD71651B7092BD005C64AD /* Interface.storyboard in Resources */,
			);
			runOnlyForDeploymentPostprocessing = 0;
		};
		F5FD716B1B7092BD005C64AD /* Resources */ = {
			isa = PBXResourcesBuildPhase;
			buildActionMask = 2147483647;
			files = (
				F5FD717F1B7092BD005C64AD /* Assets.xcassets in Resources */,
			);
			runOnlyForDeploymentPostprocessing = 0;
		};
		F5FD71BD1B70A41F005C64AD /* Resources */ = {
			isa = PBXResourcesBuildPhase;
			buildActionMask = 2147483647;
			files = (
			);
			runOnlyForDeploymentPostprocessing = 0;
		};
		F5FD71C61B70A41F005C64AD /* Resources */ = {
			isa = PBXResourcesBuildPhase;
			buildActionMask = 2147483647;
			files = (
			);
			runOnlyForDeploymentPostprocessing = 0;
		};
/* End PBXResourcesBuildPhase section */

/* Begin PBXSourcesBuildPhase section */
		F58405E11B7998E700E3EA08 /* Sources */ = {
			isa = PBXSourcesBuildPhase;
			buildActionMask = 2147483647;
			files = (
				F58405EE1B79996200E3EA08 /* WeatherClient.swift in Sources */,
				F58405EF1B79996200E3EA08 /* Weather.swift in Sources */,
				F58405F01B79996200E3EA08 /* Day.swift in Sources */,
			);
			runOnlyForDeploymentPostprocessing = 0;
		};
		F5FD71321B7092BD005C64AD /* Sources */ = {
			isa = PBXSourcesBuildPhase;
			buildActionMask = 2147483647;
			files = (
				F5FD713C1B7092BD005C64AD /* ViewController.swift in Sources */,
				F5FD71951B7094EC005C64AD /* WeatherViewController.swift in Sources */,
				F5FD713A1B7092BD005C64AD /* AppDelegate.swift in Sources */,
			);
			runOnlyForDeploymentPostprocessing = 0;
		};
		F5FD71461B7092BD005C64AD /* Sources */ = {
			isa = PBXSourcesBuildPhase;
			buildActionMask = 2147483647;
			files = (
				F5FD714F1B7092BD005C64AD /* WatchWeatherTests.swift in Sources */,
			);
			runOnlyForDeploymentPostprocessing = 0;
		};
		F5FD71511B7092BD005C64AD /* Sources */ = {
			isa = PBXSourcesBuildPhase;
			buildActionMask = 2147483647;
			files = (
				F5FD715A1B7092BD005C64AD /* WatchWeatherUITests.swift in Sources */,
			);
			runOnlyForDeploymentPostprocessing = 0;
		};
		F5FD71691B7092BD005C64AD /* Sources */ = {
			isa = PBXSourcesBuildPhase;
			buildActionMask = 2147483647;
			files = (
				F5FD71791B7092BD005C64AD /* NotificationController.swift in Sources */,
				F5FD71771B7092BD005C64AD /* ExtensionDelegate.swift in Sources */,
				F5FD717D1B7092BD005C64AD /* ComplicationController.swift in Sources */,
				F5FD71751B7092BD005C64AD /* InterfaceController.swift in Sources */,
				F5FD717B1B7092BD005C64AD /* GlanceController.swift in Sources */,
			);
			runOnlyForDeploymentPostprocessing = 0;
		};
		F5FD71BA1B70A41F005C64AD /* Sources */ = {
			isa = PBXSourcesBuildPhase;
			buildActionMask = 2147483647;
			files = (
				F5FD71E01B70A633005C64AD /* Weather.swift in Sources */,
				F5FD71DE1B70A47F005C64AD /* Day.swift in Sources */,
				F5FD71E21B70A925005C64AD /* WeatherClient.swift in Sources */,
			);
			runOnlyForDeploymentPostprocessing = 0;
		};
		F5FD71C41B70A41F005C64AD /* Sources */ = {
			isa = PBXSourcesBuildPhase;
			buildActionMask = 2147483647;
			files = (
				F5FD71D01B70A41F005C64AD /* WatchWeatherKitTests.swift in Sources */,
			);
			runOnlyForDeploymentPostprocessing = 0;
		};
/* End PBXSourcesBuildPhase section */

/* Begin PBXTargetDependency section */
		F58405F41B7999B800E3EA08 /* PBXTargetDependency */ = {
			isa = PBXTargetDependency;
			target = F58405E51B7998E700E3EA08 /* WatchWeatherFramework */;
			targetProxy = F58405F31B7999B800E3EA08 /* PBXContainerItemProxy */;
		};
		F5FD714C1B7092BD005C64AD /* PBXTargetDependency */ = {
			isa = PBXTargetDependency;
			target = F5FD71351B7092BD005C64AD /* WatchWeather */;
			targetProxy = F5FD714B1B7092BD005C64AD /* PBXContainerItemProxy */;
		};
		F5FD71571B7092BD005C64AD /* PBXTargetDependency */ = {
			isa = PBXTargetDependency;
			target = F5FD71351B7092BD005C64AD /* WatchWeather */;
			targetProxy = F5FD71561B7092BD005C64AD /* PBXContainerItemProxy */;
		};
		F5FD71611B7092BD005C64AD /* PBXTargetDependency */ = {
			isa = PBXTargetDependency;
			target = F5FD715D1B7092BD005C64AD /* WatchWeather WatchKit App */;
			targetProxy = F5FD71601B7092BD005C64AD /* PBXContainerItemProxy */;
		};
		F5FD71701B7092BD005C64AD /* PBXTargetDependency */ = {
			isa = PBXTargetDependency;
			target = F5FD716C1B7092BD005C64AD /* WatchWeather WatchKit Extension */;
			targetProxy = F5FD716F1B7092BD005C64AD /* PBXContainerItemProxy */;
		};
		F5FD71CB1B70A41F005C64AD /* PBXTargetDependency */ = {
			isa = PBXTargetDependency;
			target = F5FD71BE1B70A41F005C64AD /* WatchWeatherKit */;
			targetProxy = F5FD71CA1B70A41F005C64AD /* PBXContainerItemProxy */;
		};
		F5FD71CD1B70A41F005C64AD /* PBXTargetDependency */ = {
			isa = PBXTargetDependency;
			target = F5FD71351B7092BD005C64AD /* WatchWeather */;
			targetProxy = F5FD71CC1B70A41F005C64AD /* PBXContainerItemProxy */;
		};
		F5FD71D31B70A41F005C64AD /* PBXTargetDependency */ = {
			isa = PBXTargetDependency;
			target = F5FD71BE1B70A41F005C64AD /* WatchWeatherKit */;
			targetProxy = F5FD71D21B70A41F005C64AD /* PBXContainerItemProxy */;
		};
/* End PBXTargetDependency section */

/* Begin PBXVariantGroup section */
		F5FD713D1B7092BD005C64AD /* Main.storyboard */ = {
			isa = PBXVariantGroup;
			children = (
				F5FD713E1B7092BD005C64AD /* Base */,
			);
			name = Main.storyboard;
			sourceTree = "<group>";
		};
		F5FD71421B7092BD005C64AD /* LaunchScreen.storyboard */ = {
			isa = PBXVariantGroup;
			children = (
				F5FD71431B7092BD005C64AD /* Base */,
			);
			name = LaunchScreen.storyboard;
			sourceTree = "<group>";
		};
		F5FD71631B7092BD005C64AD /* Interface.storyboard */ = {
			isa = PBXVariantGroup;
			children = (
				F5FD71641B7092BD005C64AD /* Base */,
			);
			name = Interface.storyboard;
			sourceTree = "<group>";
		};
/* End PBXVariantGroup section */

/* Begin XCBuildConfiguration section */
		F58405EB1B7998E700E3EA08 /* Debug */ = {
			isa = XCBuildConfiguration;
			buildSettings = {
				APPLICATION_EXTENSION_API_ONLY = YES;
				CURRENT_PROJECT_VERSION = 1;
				DEFINES_MODULE = YES;
				DYLIB_COMPATIBILITY_VERSION = 1;
				DYLIB_CURRENT_VERSION = 1;
				DYLIB_INSTALL_NAME_BASE = "@rpath";
				INFOPLIST_FILE = WatchWeatherFramework/Info.plist;
				INSTALL_PATH = "$(LOCAL_LIBRARY_DIR)/Frameworks";
				LD_RUNPATH_SEARCH_PATHS = "$(inherited) @executable_path/Frameworks @loader_path/Frameworks";
				PRODUCT_BUNDLE_IDENTIFIER = io.github.girlios.WatchWeatherFramework;
				PRODUCT_NAME = "$(TARGET_NAME)";
				SDKROOT = watchos;
				SKIP_INSTALL = YES;
				TARGETED_DEVICE_FAMILY = 4;
				VERSIONING_SYSTEM = "apple-generic";
				VERSION_INFO_PREFIX = "";
				WATCHOS_DEPLOYMENT_TARGET = 2.0;
			};
			name = Debug;
		};
		F58405EC1B7998E700E3EA08 /* Release */ = {
			isa = XCBuildConfiguration;
			buildSettings = {
				APPLICATION_EXTENSION_API_ONLY = YES;
				CURRENT_PROJECT_VERSION = 1;
				DEFINES_MODULE = YES;
				DYLIB_COMPATIBILITY_VERSION = 1;
				DYLIB_CURRENT_VERSION = 1;
				DYLIB_INSTALL_NAME_BASE = "@rpath";
				INFOPLIST_FILE = WatchWeatherFramework/Info.plist;
				INSTALL_PATH = "$(LOCAL_LIBRARY_DIR)/Frameworks";
				LD_RUNPATH_SEARCH_PATHS = "$(inherited) @executable_path/Frameworks @loader_path/Frameworks";
				PRODUCT_BUNDLE_IDENTIFIER = io.github.girlios.WatchWeatherFramework;
				PRODUCT_NAME = "$(TARGET_NAME)";
				SDKROOT = watchos;
				SKIP_INSTALL = YES;
				TARGETED_DEVICE_FAMILY = 4;
				VERSIONING_SYSTEM = "apple-generic";
				VERSION_INFO_PREFIX = "";
				WATCHOS_DEPLOYMENT_TARGET = 2.0;
			};
			name = Release;
		};
		F5FD71811B7092BD005C64AD /* Debug */ = {
			isa = XCBuildConfiguration;
			buildSettings = {
				ALWAYS_SEARCH_USER_PATHS = NO;
				CLANG_CXX_LANGUAGE_STANDARD = "gnu++0x";
				CLANG_CXX_LIBRARY = "libc++";
				CLANG_ENABLE_MODULES = YES;
				CLANG_ENABLE_OBJC_ARC = YES;
				CLANG_WARN_BOOL_CONVERSION = YES;
				CLANG_WARN_CONSTANT_CONVERSION = YES;
				CLANG_WARN_DIRECT_OBJC_ISA_USAGE = YES_ERROR;
				CLANG_WARN_EMPTY_BODY = YES;
				CLANG_WARN_ENUM_CONVERSION = YES;
				CLANG_WARN_INT_CONVERSION = YES;
				CLANG_WARN_OBJC_ROOT_CLASS = YES_ERROR;
				CLANG_WARN_UNREACHABLE_CODE = YES;
				CLANG_WARN__DUPLICATE_METHOD_MATCH = YES;
				"CODE_SIGN_IDENTITY[sdk=iphoneos*]" = "iPhone Developer";
				COPY_PHASE_STRIP = NO;
				DEBUG_INFORMATION_FORMAT = dwarf;
				ENABLE_STRICT_OBJC_MSGSEND = YES;
				ENABLE_TESTABILITY = YES;
				GCC_C_LANGUAGE_STANDARD = gnu99;
				GCC_DYNAMIC_NO_PIC = NO;
				GCC_NO_COMMON_BLOCKS = YES;
				GCC_OPTIMIZATION_LEVEL = 0;
				GCC_PREPROCESSOR_DEFINITIONS = (
					"DEBUG=1",
					"$(inherited)",
				);
				GCC_WARN_64_TO_32_BIT_CONVERSION = YES;
				GCC_WARN_ABOUT_RETURN_TYPE = YES_ERROR;
				GCC_WARN_UNDECLARED_SELECTOR = YES;
				GCC_WARN_UNINITIALIZED_AUTOS = YES_AGGRESSIVE;
				GCC_WARN_UNUSED_FUNCTION = YES;
				GCC_WARN_UNUSED_VARIABLE = YES;
				IPHONEOS_DEPLOYMENT_TARGET = 9.0;
				MTL_ENABLE_DEBUG_INFO = YES;
				ONLY_ACTIVE_ARCH = YES;
				SDKROOT = iphoneos9.0;
				SWIFT_OPTIMIZATION_LEVEL = "-Onone";
				TARGETED_DEVICE_FAMILY = "1,2";
			};
			name = Debug;
		};
		F5FD71821B7092BD005C64AD /* Release */ = {
			isa = XCBuildConfiguration;
			buildSettings = {
				ALWAYS_SEARCH_USER_PATHS = NO;
				CLANG_CXX_LANGUAGE_STANDARD = "gnu++0x";
				CLANG_CXX_LIBRARY = "libc++";
				CLANG_ENABLE_MODULES = YES;
				CLANG_ENABLE_OBJC_ARC = YES;
				CLANG_WARN_BOOL_CONVERSION = YES;
				CLANG_WARN_CONSTANT_CONVERSION = YES;
				CLANG_WARN_DIRECT_OBJC_ISA_USAGE = YES_ERROR;
				CLANG_WARN_EMPTY_BODY = YES;
				CLANG_WARN_ENUM_CONVERSION = YES;
				CLANG_WARN_INT_CONVERSION = YES;
				CLANG_WARN_OBJC_ROOT_CLASS = YES_ERROR;
				CLANG_WARN_UNREACHABLE_CODE = YES;
				CLANG_WARN__DUPLICATE_METHOD_MATCH = YES;
				"CODE_SIGN_IDENTITY[sdk=iphoneos*]" = "iPhone Developer";
				COPY_PHASE_STRIP = NO;
				DEBUG_INFORMATION_FORMAT = "dwarf-with-dsym";
				ENABLE_NS_ASSERTIONS = NO;
				ENABLE_STRICT_OBJC_MSGSEND = YES;
				GCC_C_LANGUAGE_STANDARD = gnu99;
				GCC_NO_COMMON_BLOCKS = YES;
				GCC_WARN_64_TO_32_BIT_CONVERSION = YES;
				GCC_WARN_ABOUT_RETURN_TYPE = YES_ERROR;
				GCC_WARN_UNDECLARED_SELECTOR = YES;
				GCC_WARN_UNINITIALIZED_AUTOS = YES_AGGRESSIVE;
				GCC_WARN_UNUSED_FUNCTION = YES;
				GCC_WARN_UNUSED_VARIABLE = YES;
				IPHONEOS_DEPLOYMENT_TARGET = 9.0;
				MTL_ENABLE_DEBUG_INFO = NO;
				SDKROOT = iphoneos9.0;
				TARGETED_DEVICE_FAMILY = "1,2";
				VALIDATE_PRODUCT = YES;
			};
			name = Release;
		};
		F5FD71841B7092BD005C64AD /* Debug */ = {
			isa = XCBuildConfiguration;
			buildSettings = {
				ASSETCATALOG_COMPILER_COMPLICATION_NAME = Complication;
				"CODE_SIGN_IDENTITY[sdk=watchos*]" = "iPhone Developer";
				EMBEDDED_CONTENT_CONTAINS_SWIFT = YES;
				INFOPLIST_FILE = "WatchWeather WatchKit Extension/Info.plist";
				LD_RUNPATH_SEARCH_PATHS = "$(inherited) @executable_path/Frameworks @executable_path/../../Frameworks";
				PRODUCT_BUNDLE_IDENTIFIER = io.github.girlios.WatchWeather.watchkitapp.watchkitextension;
				PRODUCT_NAME = "${TARGET_NAME}";
				SDKROOT = watchos;
				SKIP_INSTALL = YES;
				TARGETED_DEVICE_FAMILY = 4;
				WATCHOS_DEPLOYMENT_TARGET = 2.0;
			};
			name = Debug;
		};
		F5FD71851B7092BD005C64AD /* Release */ = {
			isa = XCBuildConfiguration;
			buildSettings = {
				ASSETCATALOG_COMPILER_COMPLICATION_NAME = Complication;
				"CODE_SIGN_IDENTITY[sdk=watchos*]" = "iPhone Developer";
				EMBEDDED_CONTENT_CONTAINS_SWIFT = YES;
				INFOPLIST_FILE = "WatchWeather WatchKit Extension/Info.plist";
				LD_RUNPATH_SEARCH_PATHS = "$(inherited) @executable_path/Frameworks @executable_path/../../Frameworks";
				PRODUCT_BUNDLE_IDENTIFIER = io.github.girlios.WatchWeather.watchkitapp.watchkitextension;
				PRODUCT_NAME = "${TARGET_NAME}";
				SDKROOT = watchos;
				SKIP_INSTALL = YES;
				TARGETED_DEVICE_FAMILY = 4;
				WATCHOS_DEPLOYMENT_TARGET = 2.0;
			};
			name = Release;
		};
		F5FD71881B7092BD005C64AD /* Debug */ = {
			isa = XCBuildConfiguration;
			buildSettings = {
				ASSETCATALOG_COMPILER_APPICON_NAME = AppIcon;
				"CODE_SIGN_IDENTITY[sdk=watchos*]" = "iPhone Developer";
				EMBEDDED_CONTENT_CONTAINS_SWIFT = YES;
				IBSC_MODULE = WatchWeather_WatchKit_Extension;
				INFOPLIST_FILE = "WatchWeather WatchKit App/Info.plist";
				IPHONEOS_DEPLOYMENT_TARGET = 9.0;
				PRODUCT_BUNDLE_IDENTIFIER = io.github.girlios.WatchWeather.watchkitapp;
				PRODUCT_NAME = "$(TARGET_NAME)";
				SDKROOT = watchos2.0;
				SKIP_INSTALL = YES;
				TARGETED_DEVICE_FAMILY = 4;
				WATCHOS_DEPLOYMENT_TARGET = 2.0;
			};
			name = Debug;
		};
		F5FD71891B7092BD005C64AD /* Release */ = {
			isa = XCBuildConfiguration;
			buildSettings = {
				ASSETCATALOG_COMPILER_APPICON_NAME = AppIcon;
				"CODE_SIGN_IDENTITY[sdk=watchos*]" = "iPhone Developer";
				EMBEDDED_CONTENT_CONTAINS_SWIFT = YES;
				IBSC_MODULE = WatchWeather_WatchKit_Extension;
				INFOPLIST_FILE = "WatchWeather WatchKit App/Info.plist";
				IPHONEOS_DEPLOYMENT_TARGET = 9.0;
				PRODUCT_BUNDLE_IDENTIFIER = io.github.girlios.WatchWeather.watchkitapp;
				PRODUCT_NAME = "$(TARGET_NAME)";
				SDKROOT = watchos2.0;
				SKIP_INSTALL = YES;
				TARGETED_DEVICE_FAMILY = 4;
				WATCHOS_DEPLOYMENT_TARGET = 2.0;
			};
			name = Release;
		};
		F5FD718C1B7092BD005C64AD /* Debug */ = {
			isa = XCBuildConfiguration;
			buildSettings = {
				ASSETCATALOG_COMPILER_APPICON_NAME = AppIcon;
				EMBEDDED_CONTENT_CONTAINS_SWIFT = YES;
				INFOPLIST_FILE = WatchWeather/Info.plist;
				LD_RUNPATH_SEARCH_PATHS = "$(inherited) @executable_path/Frameworks";
				PRODUCT_BUNDLE_IDENTIFIER = io.github.girlios.WatchWeather;
				PRODUCT_NAME = "$(TARGET_NAME)";
			};
			name = Debug;
		};
		F5FD718D1B7092BD005C64AD /* Release */ = {
			isa = XCBuildConfiguration;
			buildSettings = {
				ASSETCATALOG_COMPILER_APPICON_NAME = AppIcon;
				EMBEDDED_CONTENT_CONTAINS_SWIFT = YES;
				INFOPLIST_FILE = WatchWeather/Info.plist;
				LD_RUNPATH_SEARCH_PATHS = "$(inherited) @executable_path/Frameworks";
				PRODUCT_BUNDLE_IDENTIFIER = io.github.girlios.WatchWeather;
				PRODUCT_NAME = "$(TARGET_NAME)";
			};
			name = Release;
		};
		F5FD718F1B7092BD005C64AD /* Debug */ = {
			isa = XCBuildConfiguration;
			buildSettings = {
				BUNDLE_LOADER = "$(TEST_HOST)";
				INFOPLIST_FILE = WatchWeatherTests/Info.plist;
				LD_RUNPATH_SEARCH_PATHS = "$(inherited) @executable_path/Frameworks @loader_path/Frameworks";
				PRODUCT_BUNDLE_IDENTIFIER = io.github.girlios.WatchWeatherTests;
				PRODUCT_NAME = "$(TARGET_NAME)";
				TEST_HOST = "$(BUILT_PRODUCTS_DIR)/WatchWeather.app/WatchWeather";
			};
			name = Debug;
		};
		F5FD71901B7092BD005C64AD /* Release */ = {
			isa = XCBuildConfiguration;
			buildSettings = {
				BUNDLE_LOADER = "$(TEST_HOST)";
				INFOPLIST_FILE = WatchWeatherTests/Info.plist;
				LD_RUNPATH_SEARCH_PATHS = "$(inherited) @executable_path/Frameworks @loader_path/Frameworks";
				PRODUCT_BUNDLE_IDENTIFIER = io.github.girlios.WatchWeatherTests;
				PRODUCT_NAME = "$(TARGET_NAME)";
				TEST_HOST = "$(BUILT_PRODUCTS_DIR)/WatchWeather.app/WatchWeather";
			};
			name = Release;
		};
		F5FD71921B7092BD005C64AD /* Debug */ = {
			isa = XCBuildConfiguration;
			buildSettings = {
				INFOPLIST_FILE = WatchWeatherUITests/Info.plist;
				LD_RUNPATH_SEARCH_PATHS = "$(inherited) @executable_path/Frameworks @loader_path/Frameworks";
				PRODUCT_BUNDLE_IDENTIFIER = io.github.girlios.WatchWeatherUITests;
				PRODUCT_NAME = "$(TARGET_NAME)";
				TEST_TARGET_NAME = WatchWeather;
				USES_XCTRUNNER = YES;
			};
			name = Debug;
		};
		F5FD71931B7092BD005C64AD /* Release */ = {
			isa = XCBuildConfiguration;
			buildSettings = {
				INFOPLIST_FILE = WatchWeatherUITests/Info.plist;
				LD_RUNPATH_SEARCH_PATHS = "$(inherited) @executable_path/Frameworks @loader_path/Frameworks";
				PRODUCT_BUNDLE_IDENTIFIER = io.github.girlios.WatchWeatherUITests;
				PRODUCT_NAME = "$(TARGET_NAME)";
				TEST_TARGET_NAME = WatchWeather;
				USES_XCTRUNNER = YES;
			};
			name = Release;
		};
		F5FD71D71B70A41F005C64AD /* Debug */ = {
			isa = XCBuildConfiguration;
			buildSettings = {
				CLANG_ENABLE_MODULES = YES;
				CURRENT_PROJECT_VERSION = 1;
				DEFINES_MODULE = YES;
				DYLIB_COMPATIBILITY_VERSION = 1;
				DYLIB_CURRENT_VERSION = 1;
				DYLIB_INSTALL_NAME_BASE = "@rpath";
				INFOPLIST_FILE = WatchWeatherKit/Info.plist;
				INSTALL_PATH = "$(LOCAL_LIBRARY_DIR)/Frameworks";
				IPHONEOS_DEPLOYMENT_TARGET = 8.0;
				LD_RUNPATH_SEARCH_PATHS = "$(inherited) @executable_path/Frameworks @loader_path/Frameworks";
				PRODUCT_BUNDLE_IDENTIFIER = io.github.girlios.WatchWeatherKit;
				PRODUCT_NAME = "$(TARGET_NAME)";
				SKIP_INSTALL = YES;
				SWIFT_OPTIMIZATION_LEVEL = "-Onone";
				VERSIONING_SYSTEM = "apple-generic";
				VERSION_INFO_PREFIX = "";
			};
			name = Debug;
		};
		F5FD71D81B70A41F005C64AD /* Release */ = {
			isa = XCBuildConfiguration;
			buildSettings = {
				CLANG_ENABLE_MODULES = YES;
				CURRENT_PROJECT_VERSION = 1;
				DEFINES_MODULE = YES;
				DYLIB_COMPATIBILITY_VERSION = 1;
				DYLIB_CURRENT_VERSION = 1;
				DYLIB_INSTALL_NAME_BASE = "@rpath";
				INFOPLIST_FILE = WatchWeatherKit/Info.plist;
				INSTALL_PATH = "$(LOCAL_LIBRARY_DIR)/Frameworks";
				IPHONEOS_DEPLOYMENT_TARGET = 8.0;
				LD_RUNPATH_SEARCH_PATHS = "$(inherited) @executable_path/Frameworks @loader_path/Frameworks";
				PRODUCT_BUNDLE_IDENTIFIER = io.github.girlios.WatchWeatherKit;
				PRODUCT_NAME = "$(TARGET_NAME)";
				SKIP_INSTALL = YES;
				VERSIONING_SYSTEM = "apple-generic";
				VERSION_INFO_PREFIX = "";
			};
			name = Release;
		};
		F5FD71DB1B70A41F005C64AD /* Debug */ = {
			isa = XCBuildConfiguration;
			buildSettings = {
				INFOPLIST_FILE = WatchWeatherKitTests/Info.plist;
				LD_RUNPATH_SEARCH_PATHS = "$(inherited) @executable_path/Frameworks @loader_path/Frameworks";
				PRODUCT_BUNDLE_IDENTIFIER = io.github.girlios.WatchWeatherKitTests;
				PRODUCT_NAME = "$(TARGET_NAME)";
				TEST_HOST = "$(BUILT_PRODUCTS_DIR)/WatchWeather.app/WatchWeather";
			};
			name = Debug;
		};
		F5FD71DC1B70A41F005C64AD /* Release */ = {
			isa = XCBuildConfiguration;
			buildSettings = {
				INFOPLIST_FILE = WatchWeatherKitTests/Info.plist;
				LD_RUNPATH_SEARCH_PATHS = "$(inherited) @executable_path/Frameworks @loader_path/Frameworks";
				PRODUCT_BUNDLE_IDENTIFIER = io.github.girlios.WatchWeatherKitTests;
				PRODUCT_NAME = "$(TARGET_NAME)";
				TEST_HOST = "$(BUILT_PRODUCTS_DIR)/WatchWeather.app/WatchWeather";
			};
			name = Release;
		};
/* End XCBuildConfiguration section */

/* Begin XCConfigurationList section */
		F58405ED1B7998E700E3EA08 /* Build configuration list for PBXNativeTarget "WatchWeatherFramework" */ = {
			isa = XCConfigurationList;
			buildConfigurations = (
				F58405EB1B7998E700E3EA08 /* Debug */,
				F58405EC1B7998E700E3EA08 /* Release */,
			);
			defaultConfigurationIsVisible = 0;
		};
		F5FD71311B7092BC005C64AD /* Build configuration list for PBXProject "WatchWeather" */ = {
			isa = XCConfigurationList;
			buildConfigurations = (
				F5FD71811B7092BD005C64AD /* Debug */,
				F5FD71821B7092BD005C64AD /* Release */,
			);
			defaultConfigurationIsVisible = 0;
			defaultConfigurationName = Release;
		};
		F5FD71831B7092BD005C64AD /* Build configuration list for PBXNativeTarget "WatchWeather WatchKit Extension" */ = {
			isa = XCConfigurationList;
			buildConfigurations = (
				F5FD71841B7092BD005C64AD /* Debug */,
				F5FD71851B7092BD005C64AD /* Release */,
			);
			defaultConfigurationIsVisible = 0;
			defaultConfigurationName = Release;
		};
		F5FD71871B7092BD005C64AD /* Build configuration list for PBXNativeTarget "WatchWeather WatchKit App" */ = {
			isa = XCConfigurationList;
			buildConfigurations = (
				F5FD71881B7092BD005C64AD /* Debug */,
				F5FD71891B7092BD005C64AD /* Release */,
			);
			defaultConfigurationIsVisible = 0;
			defaultConfigurationName = Release;
		};
		F5FD718B1B7092BD005C64AD /* Build configuration list for PBXNativeTarget "WatchWeather" */ = {
			isa = XCConfigurationList;
			buildConfigurations = (
				F5FD718C1B7092BD005C64AD /* Debug */,
				F5FD718D1B7092BD005C64AD /* Release */,
			);
			defaultConfigurationIsVisible = 0;
			defaultConfigurationName = Release;
		};
		F5FD718E1B7092BD005C64AD /* Build configuration list for PBXNativeTarget "WatchWeatherTests" */ = {
			isa = XCConfigurationList;
			buildConfigurations = (
				F5FD718F1B7092BD005C64AD /* Debug */,
				F5FD71901B7092BD005C64AD /* Release */,
			);
			defaultConfigurationIsVisible = 0;
			defaultConfigurationName = Release;
		};
		F5FD71911B7092BD005C64AD /* Build configuration list for PBXNativeTarget "WatchWeatherUITests" */ = {
			isa = XCConfigurationList;
			buildConfigurations = (
				F5FD71921B7092BD005C64AD /* Debug */,
				F5FD71931B7092BD005C64AD /* Release */,
			);
			defaultConfigurationIsVisible = 0;
			defaultConfigurationName = Release;
		};
		F5FD71D61B70A41F005C64AD /* Build configuration list for PBXNativeTarget "WatchWeatherKit" */ = {
			isa = XCConfigurationList;
			buildConfigurations = (
				F5FD71D71B70A41F005C64AD /* Debug */,
				F5FD71D81B70A41F005C64AD /* Release */,
			);
			defaultConfigurationIsVisible = 0;
			defaultConfigurationName = Release;
		};
		F5FD71DA1B70A41F005C64AD /* Build configuration list for PBXNativeTarget "WatchWeatherKitTests" */ = {
			isa = XCConfigurationList;
			buildConfigurations = (
				F5FD71DB1B70A41F005C64AD /* Debug */,
				F5FD71DC1B70A41F005C64AD /* Release */,
			);
			defaultConfigurationIsVisible = 0;
			defaultConfigurationName = Release;
		};
/* End XCConfigurationList section */
	};
	rootObject = F5FD712E1B7092BC005C64AD /* Project object */;
}
